
Microsoft Visual Studio Solution File, Format Version 12.00
# Visual Studio Version 16
VisualStudioVersion = 16.0.29306.81
MinimumVisualStudioVersion = 10.0.40219.1
Project("{FAE04EC0-301F-11D3-BF4B-00C04F79EFBC}") = "UpperCaseOnly", "UpperCaseOnly\UpperCaseOnly.csproj", "{E0C765E1-4D53-4D6D-B079-7A62BB377A76}"
EndProject
Global
	GlobalSection(SolutionConfigurationPlatforms) = preSolution
		Debug|Any CPU = Debug|Any CPU
		Release|Any CPU = Release|Any CPU
	EndGlobalSection
	GlobalSection(ProjectConfigurationPlatforms) = postSolution
		{E0C765E1-4D53-4D6D-B079-7A62BB377A76}.Debug|Any CPU.ActiveCfg = Debug|Any CPU
		{E0C765E1-4D53-4D6D-B079-7A62BB377A76}.Debug|Any CPU.Build.0 = Debug|Any CPU
		{E0C765E1-4D53-4D6D-B079-7A62BB377A76}.Release|Any CPU.ActiveCfg = Release|Any CPU
		{E0C765E1-4D53-4D6D-B079-7A62BB377A76}.Release|Any CPU.Build.0 = Release|Any CPU
	EndGlobalSection
	GlobalSection(SolutionProperties) = preSolution
		HideSolutionNode = FALSE
	EndGlobalSection
	GlobalSection(ExtensibilityGlobals) = postSolution
		SolutionGuid = {C5BAB85B-9914-45EF-838D-E1C330D6527D}
	EndGlobalSection
EndGlobal
