
Microsoft Visual Studio Solution File, Format Version 12.00
# Visual Studio Version 16
VisualStudioVersion = 16.0.29306.81
MinimumVisualStudioVersion = 10.0.40219.1
Project("{FAE04EC0-301F-11D3-BF4B-00C04F79EFBC}") = "Chapter7Test1", "Chapter7Test1\Chapter7Test1.csproj", "{920C10D8-419B-4D79-A9DC-64107CA07173}"
EndProject
Global
	GlobalSection(SolutionConfigurationPlatforms) = preSolution
		Debug|Any CPU = Debug|Any CPU
		Release|Any CPU = Release|Any CPU
	EndGlobalSection
	GlobalSection(ProjectConfigurationPlatforms) = postSolution
		{920C10D8-419B-4D79-A9DC-64107CA07173}.Debug|Any CPU.ActiveCfg = Debug|Any CPU
		{920C10D8-419B-4D79-A9DC-64107CA07173}.Debug|Any CPU.Build.0 = Debug|Any CPU
		{920C10D8-419B-4D79-A9DC-64107CA07173}.Release|Any CPU.ActiveCfg = Release|Any CPU
		{920C10D8-419B-4D79-A9DC-64107CA07173}.Release|Any CPU.Build.0 = Release|Any CPU
	EndGlobalSection
	GlobalSection(SolutionProperties) = preSolution
		HideSolutionNode = FALSE
	EndGlobalSection
	GlobalSection(ExtensibilityGlobals) = postSolution
		SolutionGuid = {886C751A-9F6D-42EB-B74D-11E7121462FE}
	EndGlobalSection
EndGlobal
