
Microsoft Visual Studio Solution File, Format Version 12.00
# Visual Studio Version 16
VisualStudioVersion = 16.0.29306.81
MinimumVisualStudioVersion = 10.0.40219.1
Project("{FAE04EC0-301F-11D3-BF4B-00C04F79EFBC}") = "CountBackwards", "CountBackwards\CountBackwards.csproj", "{791E7598-7079-4B81-8968-84C41C3013A7}"
EndProject
Global
	GlobalSection(SolutionConfigurationPlatforms) = preSolution
		Debug|Any CPU = Debug|Any CPU
		Release|Any CPU = Release|Any CPU
	EndGlobalSection
	GlobalSection(ProjectConfigurationPlatforms) = postSolution
		{791E7598-7079-4B81-8968-84C41C3013A7}.Debug|Any CPU.ActiveCfg = Debug|Any CPU
		{791E7598-7079-4B81-8968-84C41C3013A7}.Debug|Any CPU.Build.0 = Debug|Any CPU
		{791E7598-7079-4B81-8968-84C41C3013A7}.Release|Any CPU.ActiveCfg = Release|Any CPU
		{791E7598-7079-4B81-8968-84C41C3013A7}.Release|Any CPU.Build.0 = Release|Any CPU
	EndGlobalSection
	GlobalSection(SolutionProperties) = preSolution
		HideSolutionNode = FALSE
	EndGlobalSection
	GlobalSection(ExtensibilityGlobals) = postSolution
		SolutionGuid = {23B21BAF-9E55-4C44-8D17-8FDF9C5EAA99}
	EndGlobalSection
EndGlobal
