
Microsoft Visual Studio Solution File, Format Version 12.00
# Visual Studio Version 16
VisualStudioVersion = 16.0.29306.81
MinimumVisualStudioVersion = 10.0.40219.1
Project("{FAE04EC0-301F-11D3-BF4B-00C04F79EFBC}") = "FractionMath", "FractionMath\FractionMath.csproj", "{F52294BC-2828-403C-879A-620232BE4D09}"
EndProject
Global
	GlobalSection(SolutionConfigurationPlatforms) = preSolution
		Debug|Any CPU = Debug|Any CPU
		Release|Any CPU = Release|Any CPU
	EndGlobalSection
	GlobalSection(ProjectConfigurationPlatforms) = postSolution
		{F52294BC-2828-403C-879A-620232BE4D09}.Debug|Any CPU.ActiveCfg = Debug|Any CPU
		{F52294BC-2828-403C-879A-620232BE4D09}.Debug|Any CPU.Build.0 = Debug|Any CPU
		{F52294BC-2828-403C-879A-620232BE4D09}.Release|Any CPU.ActiveCfg = Release|Any CPU
		{F52294BC-2828-403C-879A-620232BE4D09}.Release|Any CPU.Build.0 = Release|Any CPU
	EndGlobalSection
	GlobalSection(SolutionProperties) = preSolution
		HideSolutionNode = FALSE
	EndGlobalSection
	GlobalSection(ExtensibilityGlobals) = postSolution
		SolutionGuid = {7AB4746B-1320-4ECD-949C-50C01E3FABF7}
	EndGlobalSection
EndGlobal
