
Microsoft Visual Studio Solution File, Format Version 12.00
# Visual Studio Version 16
VisualStudioVersion = 16.0.29306.81
MinimumVisualStudioVersion = 10.0.40219.1
Project("{FAE04EC0-301F-11D3-BF4B-00C04F79EFBC}") = "Ch13Events", "Ch13Events\Ch13Events.csproj", "{5ED82A90-091D-4CCB-B50F-8E7998AE984E}"
EndProject
Global
	GlobalSection(SolutionConfigurationPlatforms) = preSolution
		Debug|Any CPU = Debug|Any CPU
		Release|Any CPU = Release|Any CPU
	EndGlobalSection
	GlobalSection(ProjectConfigurationPlatforms) = postSolution
		{5ED82A90-091D-4CCB-B50F-8E7998AE984E}.Debug|Any CPU.ActiveCfg = Debug|Any CPU
		{5ED82A90-091D-4CCB-B50F-8E7998AE984E}.Debug|Any CPU.Build.0 = Debug|Any CPU
		{5ED82A90-091D-4CCB-B50F-8E7998AE984E}.Release|Any CPU.ActiveCfg = Release|Any CPU
		{5ED82A90-091D-4CCB-B50F-8E7998AE984E}.Release|Any CPU.Build.0 = Release|Any CPU
	EndGlobalSection
	GlobalSection(SolutionProperties) = preSolution
		HideSolutionNode = FALSE
	EndGlobalSection
	GlobalSection(ExtensibilityGlobals) = postSolution
		SolutionGuid = {1ADC6C03-654F-469B-A428-B5E1C5ACE2A6}
	EndGlobalSection
EndGlobal
